
Microsoft Visual Studio Solution File, Format Version 12.00
# Visual Studio Version 17
VisualStudioVersion = 17.1.32210.238
MinimumVisualStudioVersion = 10.0.40219.1
Project("{9A19103F-16F7-4668-BE54-9A1E7A4F7556}") = "myArchery", "myArchery.csproj", "{8F467034-BE50-4508-B178-AAEFD813B92A}"
EndProject
Project("{9A19103F-16F7-4668-BE54-9A1E7A4F7556}") = "myArchery.Persistance", "..\myArchery.Persistance\myArchery.Persistance.csproj", "{0579775C-407E-448E-ACD0-58F184BED777}"
EndProject
Project("{9A19103F-16F7-4668-BE54-9A1E7A4F7556}") = "myArchery.Services", "..\myArchery.Services\myArchery.Services.csproj", "{8D7FD2D0-4B56-4F28-9AE1-21B1B8195EBA}"
EndProject
Global
	GlobalSection(SolutionConfigurationPlatforms) = preSolution
		Debug|Any CPU = Debug|Any CPU
		Release|Any CPU = Release|Any CPU
	EndGlobalSection
	GlobalSection(ProjectConfigurationPlatforms) = postSolution
		{8F467034-BE50-4508-B178-AAEFD813B92A}.Debug|Any CPU.ActiveCfg = Debug|Any CPU
		{8F467034-BE50-4508-B178-AAEFD813B92A}.Debug|Any CPU.Build.0 = Debug|Any CPU
		{8F467034-BE50-4508-B178-AAEFD813B92A}.Release|Any CPU.ActiveCfg = Release|Any CPU
		{8F467034-BE50-4508-B178-AAEFD813B92A}.Release|Any CPU.Build.0 = Release|Any CPU
		{0579775C-407E-448E-ACD0-58F184BED777}.Debug|Any CPU.ActiveCfg = Debug|Any CPU
		{0579775C-407E-448E-ACD0-58F184BED777}.Debug|Any CPU.Build.0 = Debug|Any CPU
		{0579775C-407E-448E-ACD0-58F184BED777}.Release|Any CPU.ActiveCfg = Release|Any CPU
		{0579775C-407E-448E-ACD0-58F184BED777}.Release|Any CPU.Build.0 = Release|Any CPU
		{8D7FD2D0-4B56-4F28-9AE1-21B1B8195EBA}.Debug|Any CPU.ActiveCfg = Debug|Any CPU
		{8D7FD2D0-4B56-4F28-9AE1-21B1B8195EBA}.Debug|Any CPU.Build.0 = Debug|Any CPU
		{8D7FD2D0-4B56-4F28-9AE1-21B1B8195EBA}.Release|Any CPU.ActiveCfg = Release|Any CPU
		{8D7FD2D0-4B56-4F28-9AE1-21B1B8195EBA}.Release|Any CPU.Build.0 = Release|Any CPU
	EndGlobalSection
	GlobalSection(SolutionProperties) = preSolution
		HideSolutionNode = FALSE
	EndGlobalSection
	GlobalSection(ExtensibilityGlobals) = postSolution
		SolutionGuid = {CBC62249-A959-499D-82E6-BA7ABFCC52B6}
	EndGlobalSection
EndGlobal
